// !$*UTF8*$!
{
	archiveVersion = 1;
	classes = {
	};
	objectVersion = 50;
	objects = {

/* Begin PBXBuildFile section */
		AA7B4A0320EAAD540060C0AF /* AppDelegate.m in Sources */ = {isa = PBXBuildFile; fileRef = AA7B4A0220EAAD540060C0AF /* AppDelegate.m */; };
		AA7B4A0620EAAD540060C0AF /* ViewController.m in Sources */ = {isa = PBXBuildFile; fileRef = AA7B4A0520EAAD540060C0AF /* ViewController.m */; };
		AA7B4A0920EAAD540060C0AF /* Main.storyboard in Resources */ = {isa = PBXBuildFile; fileRef = AA7B4A0720EAAD540060C0AF /* Main.storyboard */; };
		AA7B4A0B20EAAD560060C0AF /* Assets.xcassets in Resources */ = {isa = PBXBuildFile; fileRef = AA7B4A0A20EAAD560060C0AF /* Assets.xcassets */; };
		AA7B4A0E20EAAD560060C0AF /* LaunchScreen.storyboard in Resources */ = {isa = PBXBuildFile; fileRef = AA7B4A0C20EAAD560060C0AF /* LaunchScreen.storyboard */; };
		AA7B4A1120EAAD560060C0AF /* main.m in Sources */ = {isa = PBXBuildFile; fileRef = AA7B4A1020EAAD560060C0AF /* main.m */; };
/* End PBXBuildFile section */

/* Begin PBXFileReference section */
		AA7B49FE20EAAD540060C0AF /* ColorScrollView.app */ = {isa = PBXFileReference; explicitFileType = wrapper.application; includeInIndex = 0; path = ColorScrollView.app; sourceTree = BUILT_PRODUCTS_DIR; };
		AA7B4A0120EAAD540060C0AF /* AppDelegate.h */ = {isa = PBXFileReference; lastKnownFileType = sourcecode.c.h; path = AppDelegate.h; sourceTree = "<group>"; };
		AA7B4A0220EAAD540060C0AF /* AppDelegate.m */ = {isa = PBXFileReference; lastKnownFileType = sourcecode.c.objc; path = AppDelegate.m; sourceTree = "<group>"; };
		AA7B4A0420EAAD540060C0AF /* ViewController.h */ = {isa = PBXFileReference; lastKnownFileType = sourcecode.c.h; path = ViewController.h; sourceTree = "<group>"; };
		AA7B4A0520EAAD540060C0AF /* ViewController.m */ = {isa = PBXFileReference; lastKnownFileType = sourcecode.c.objc; path = ViewController.m; sourceTree = "<group>"; };
		AA7B4A0820EAAD540060C0AF /* Base */ = {isa = PBXFileReference; lastKnownFileType = file.storyboard; name = Base; path = Base.lproj/Main.storyboard; sourceTree = "<group>"; };
		AA7B4A0A20EAAD560060C0AF /* Assets.xcassets */ = {isa = PBXFileReference; lastKnownFileType = folder.assetcatalog; path = Assets.xcassets; sourceTree = "<group>"; };
		AA7B4A0D20EAAD560060C0AF /* Base */ = {isa = PBXFileReference; lastKnownFileType = file.storyboard; name = Base; path = Base.lproj/LaunchScreen.storyboard; sourceTree = "<group>"; };
		AA7B4A0F20EAAD560060C0AF /* Info.plist */ = {isa = PBXFileReference; lastKnownFileType = text.plist.xml; path = Info.plist; sourceTree = "<group>"; };
		AA7B4A1020EAAD560060C0AF /* main.m */ = {isa = PBXFileReference; lastKnownFileType = sourcecode.c.objc; path = main.m; sourceTree = "<group>"; };
/* End PBXFileReference section */

/* Begin PBXFrameworksBuildPhase section */
		AA7B49FB20EAAD540060C0AF /* Frameworks */ = {
			isa = PBXFrameworksBuildPhase;
			buildActionMask = 2147483647;
			files = (
			);
			runOnlyForDeploymentPostprocessing = 0;
		};
/* End PBXFrameworksBuildPhase section */

/* Begin PBXGroup section */
		AA7B49F520EAAD540060C0AF = {
			isa = PBXGroup;
			children = (
				AA7B4A0020EAAD540060C0AF /* ColorScrollView */,
				AA7B49FF20EAAD540060C0AF /* Products */,
			);
			sourceTree = "<group>";
		};
		AA7B49FF20EAAD540060C0AF /* Products */ = {
			isa = PBXGroup;
			children = (
				AA7B49FE20EAAD540060C0AF /* ColorScrollView.app */,
			);
			name = Products;
			sourceTree = "<group>";
		};
		AA7B4A0020EAAD540060C0AF /* ColorScrollView */ = {
			isa = PBXGroup;
			children = (
				AA7B4A0120EAAD540060C0AF /* AppDelegate.h */,
				AA7B4A0220EAAD540060C0AF /* AppDelegate.m */,
				AA7B4A0420EAAD540060C0AF /* ViewController.h */,
				AA7B4A0520EAAD540060C0AF /* ViewController.m */,
				AA7B4A0720EAAD540060C0AF /* Main.storyboard */,
				AA7B4A0A20EAAD560060C0AF /* Assets.xcassets */,
				AA7B4A0C20EAAD560060C0AF /* LaunchScreen.storyboard */,
				AA7B4A0F20EAAD560060C0AF /* Info.plist */,
				AA7B4A1020EAAD560060C0AF /* main.m */,
			);
			path = ColorScrollView;
			sourceTree = "<group>";
		};
/* End PBXGroup section */

/* Begin PBXNativeTarget section */
		AA7B49FD20EAAD540060C0AF /* ColorScrollView */ = {
			isa = PBXNativeTarget;
			buildConfigurationList = AA7B4A1420EAAD560060C0AF /* Build configuration list for PBXNativeTarget "ColorScrollView" */;
			buildPhases = (
				AA7B49FA20EAAD540060C0AF /* Sources */,
				AA7B49FB20EAAD540060C0AF /* Frameworks */,
				AA7B49FC20EAAD540060C0AF /* Resources */,
			);
			buildRules = (
			);
			dependencies = (
			);
			name = ColorScrollView;
			productName = ColorScrollView;
			productReference = AA7B49FE20EAAD540060C0AF /* ColorScrollView.app */;
			productType = "com.apple.product-type.application";
		};
/* End PBXNativeTarget section */

/* Begin PBXProject section */
		AA7B49F620EAAD540060C0AF /* Project object */ = {
			isa = PBXProject;
			attributes = {
				LastUpgradeCheck = 0940;
				ORGANIZATIONNAME = "Алексей";
				TargetAttributes = {
					AA7B49FD20EAAD540060C0AF = {
						CreatedOnToolsVersion = 9.4.1;
					};
				};
			};
			buildConfigurationList = AA7B49F920EAAD540060C0AF /* Build configuration list for PBXProject "ColorScrollView" */;
			compatibilityVersion = "Xcode 9.3";
			developmentRegion = en;
			hasScannedForEncodings = 0;
			knownRegions = (
				en,
				Base,
			);
			mainGroup = AA7B49F520EAAD540060C0AF;
			productRefGroup = AA7B49FF20EAAD540060C0AF /* Products */;
			projectDirPath = "";
			projectRoot = "";
			targets = (
				AA7B49FD20EAAD540060C0AF /* ColorScrollView */,
			);
		};
/* End PBXProject section */

/* Begin PBXResourcesBuildPhase section */
		AA7B49FC20EAAD540060C0AF /* Resources */ = {
			isa = PBXResourcesBuildPhase;
			buildActionMask = 2147483647;
			files = (
				AA7B4A0E20EAAD560060C0AF /* LaunchScreen.storyboard in Resources */,
				AA7B4A0B20EAAD560060C0AF /* Assets.xcassets in Resources */,
				AA7B4A0920EAAD540060C0AF /* Main.storyboard in Resources */,
			);
			runOnlyForDeploymentPostprocessing = 0;
		};
/* End PBXResourcesBuildPhase section */

/* Begin PBXSourcesBuildPhase section */
		AA7B49FA20EAAD540060C0AF /* Sources */ = {
			isa = PBXSourcesBuildPhase;
			buildActionMask = 2147483647;
			files = (
				AA7B4A0620EAAD540060C0AF /* ViewController.m in Sources */,
				AA7B4A1120EAAD560060C0AF /* main.m in Sources */,
				AA7B4A0320EAAD540060C0AF /* AppDelegate.m in Sources */,
			);
			runOnlyForDeploymentPostprocessing = 0;
		};
/* End PBXSourcesBuildPhase section */

/* Begin PBXVariantGroup section */
		AA7B4A0720EAAD540060C0AF /* Main.storyboard */ = {
			isa = PBXVariantGroup;
			children = (
				AA7B4A0820EAAD540060C0AF /* Base */,
			);
			name = Main.storyboard;
			sourceTree = "<group>";
		};
		AA7B4A0C20EAAD560060C0AF /* LaunchScreen.storyboard */ = {
			isa = PBXVariantGroup;
			children = (
				AA7B4A0D20EAAD560060C0AF /* Base */,
			);
			name = LaunchScreen.storyboard;
			sourceTree = "<group>";
		};
/* End PBXVariantGroup section */

/* Begin XCBuildConfiguration section */
		AA7B4A1220EAAD560060C0AF /* Debug */ = {
			isa = XCBuildConfiguration;
			buildSettings = {
				ALWAYS_SEARCH_USER_PATHS = NO;
				CLANG_ANALYZER_NONNULL = YES;
				CLANG_ANALYZER_NUMBER_OBJECT_CONVERSION = YES_AGGRESSIVE;
				CLANG_CXX_LANGUAGE_STANDARD = "gnu++14";
				CLANG_CXX_LIBRARY = "libc++";
				CLANG_ENABLE_MODULES = YES;
				CLANG_ENABLE_OBJC_ARC = YES;
				CLANG_ENABLE_OBJC_WEAK = YES;
				CLANG_WARN_BLOCK_CAPTURE_AUTORELEASING = YES;
				CLANG_WARN_BOOL_CONVERSION = YES;
				CLANG_WARN_COMMA = YES;
				CLANG_WARN_CONSTANT_CONVERSION = YES;
				CLANG_WARN_DEPRECATED_OBJC_IMPLEMENTATIONS = YES;
				CLANG_WARN_DIRECT_OBJC_ISA_USAGE = YES_ERROR;
				CLANG_WARN_DOCUMENTATION_COMMENTS = YES;
				CLANG_WARN_EMPTY_BODY = YES;
				CLANG_WARN_ENUM_CONVERSION = YES;
				CLANG_WARN_INFINITE_RECURSION = YES;
				CLANG_WARN_INT_CONVERSION = YES;
				CLANG_WARN_NON_LITERAL_NULL_CONVERSION = YES;
				CLANG_WARN_OBJC_IMPLICIT_RETAIN_SELF = YES;
				CLANG_WARN_OBJC_LITERAL_CONVERSION = YES;
				CLANG_WARN_OBJC_ROOT_CLASS = YES_ERROR;
				CLANG_WARN_RANGE_LOOP_ANALYSIS = YES;
				CLANG_WARN_STRICT_PROTOTYPES = YES;
				CLANG_WARN_SUSPICIOUS_MOVE = YES;
				CLANG_WARN_UNGUARDED_AVAILABILITY = YES_AGGRESSIVE;
				CLANG_WARN_UNREACHABLE_CODE = YES;
				CLANG_WARN__DUPLICATE_METHOD_MATCH = YES;
				CODE_SIGN_IDENTITY = "iPhone Developer";
				COPY_PHASE_STRIP = NO;
				DEBUG_INFORMATION_FORMAT = dwarf;
				ENABLE_STRICT_OBJC_MSGSEND = YES;
				ENABLE_TESTABILITY = YES;
				GCC_C_LANGUAGE_STANDARD = gnu11;
				GCC_DYNAMIC_NO_PIC = NO;
				GCC_NO_COMMON_BLOCKS = YES;
				GCC_OPTIMIZATION_LEVEL = 0;
				GCC_PREPROCESSOR_DEFINITIONS = (
					"DEBUG=1",
					"$(inherited)",
				);
				GCC_WARN_64_TO_32_BIT_CONVERSION = YES;
				GCC_WARN_ABOUT_RETURN_TYPE = YES_ERROR;
				GCC_WARN_UNDECLARED_SELECTOR = YES;
				GCC_WARN_UNINITIALIZED_AUTOS = YES_AGGRESSIVE;
				GCC_WARN_UNUSED_FUNCTION = YES;
				GCC_WARN_UNUSED_VARIABLE = YES;
				IPHONEOS_DEPLOYMENT_TARGET = 11.4;
				MTL_ENABLE_DEBUG_INFO = YES;
				ONLY_ACTIVE_ARCH = YES;
				SDKROOT = iphoneos;
			};
			name = Debug;
		};
		AA7B4A1320EAAD560060C0AF /* Release */ = {
			isa = XCBuildConfiguration;
			buildSettings = {
				ALWAYS_SEARCH_USER_PATHS = NO;
				CLANG_ANALYZER_NONNULL = YES;
				CLANG_ANALYZER_NUMBER_OBJECT_CONVERSION = YES_AGGRESSIVE;
				CLANG_CXX_LANGUAGE_STANDARD = "gnu++14";
				CLANG_CXX_LIBRARY = "libc++";
				CLANG_ENABLE_MODULES = YES;
				CLANG_ENABLE_OBJC_ARC = YES;
				CLANG_ENABLE_OBJC_WEAK = YES;
				CLANG_WARN_BLOCK_CAPTURE_AUTORELEASING = YES;
				CLANG_WARN_BOOL_CONVERSION = YES;
				CLANG_WARN_COMMA = YES;
				CLANG_WARN_CONSTANT_CONVERSION = YES;
				CLANG_WARN_DEPRECATED_OBJC_IMPLEMENTATIONS = YES;
				CLANG_WARN_DIRECT_OBJC_ISA_USAGE = YES_ERROR;
				CLANG_WARN_DOCUMENTATION_COMMENTS = YES;
				CLANG_WARN_EMPTY_BODY = YES;
				CLANG_WARN_ENUM_CONVERSION = YES;
				CLANG_WARN_INFINITE_RECURSION = YES;
				CLANG_WARN_INT_CONVERSION = YES;
				CLANG_WARN_NON_LITERAL_NULL_CONVERSION = YES;
				CLANG_WARN_OBJC_IMPLICIT_RETAIN_SELF = YES;
				CLANG_WARN_OBJC_LITERAL_CONVERSION = YES;
				CLANG_WARN_OBJC_ROOT_CLASS = YES_ERROR;
				CLANG_WARN_RANGE_LOOP_ANALYSIS = YES;
				CLANG_WARN_STRICT_PROTOTYPES = YES;
				CLANG_WARN_SUSPICIOUS_MOVE = YES;
				CLANG_WARN_UNGUARDED_AVAILABILITY = YES_AGGRESSIVE;
				CLANG_WARN_UNREACHABLE_CODE = YES;
				CLANG_WARN__DUPLICATE_METHOD_MATCH = YES;
				CODE_SIGN_IDENTITY = "iPhone Developer";
				COPY_PHASE_STRIP = NO;
				DEBUG_INFORMATION_FORMAT = "dwarf-with-dsym";
				ENABLE_NS_ASSERTIONS = NO;
				ENABLE_STRICT_OBJC_MSGSEND = YES;
				GCC_C_LANGUAGE_STANDARD = gnu11;
				GCC_NO_COMMON_BLOCKS = YES;
				GCC_WARN_64_TO_32_BIT_CONVERSION = YES;
				GCC_WARN_ABOUT_RETURN_TYPE = YES_ERROR;
				GCC_WARN_UNDECLARED_SELECTOR = YES;
				GCC_WARN_UNINITIALIZED_AUTOS = YES_AGGRESSIVE;
				GCC_WARN_UNUSED_FUNCTION = YES;
				GCC_WARN_UNUSED_VARIABLE = YES;
				IPHONEOS_DEPLOYMENT_TARGET = 11.4;
				MTL_ENABLE_DEBUG_INFO = NO;
				SDKROOT = iphoneos;
				VALIDATE_PRODUCT = YES;
			};
			name = Release;
		};
		AA7B4A1520EAAD560060C0AF /* Debug */ = {
			isa = XCBuildConfiguration;
			buildSettings = {
				ASSETCATALOG_COMPILER_APPICON_NAME = AppIcon;
				CODE_SIGN_STYLE = Automatic;
				DEVELOPMENT_TEAM = M3L778SRB3;
				INFOPLIST_FILE = ColorScrollView/Info.plist;
				LD_RUNPATH_SEARCH_PATHS = (
					"$(inherited)",
					"@executable_path/Frameworks",
				);
				PRODUCT_BUNDLE_IDENTIFIER = Piatyha.ColorScrollView;
				PRODUCT_NAME = "$(TARGET_NAME)";
				TARGETED_DEVICE_FAMILY = "1,2";
			};
			name = Debug;
		};
		AA7B4A1620EAAD560060C0AF /* Release */ = {
			isa = XCBuildConfiguration;
			buildSettings = {
				ASSETCATALOG_COMPILER_APPICON_NAME = AppIcon;
				CODE_SIGN_STYLE = Automatic;
				DEVELOPMENT_TEAM = M3L778SRB3;
				INFOPLIST_FILE = ColorScrollView/Info.plist;
				LD_RUNPATH_SEARCH_PATHS = (
					"$(inherited)",
					"@executable_path/Frameworks",
				);
				PRODUCT_BUNDLE_IDENTIFIER = Piatyha.ColorScrollView;
				PRODUCT_NAME = "$(TARGET_NAME)";
				TARGETED_DEVICE_FAMILY = "1,2";
			};
			name = Release;
		};
/* End XCBuildConfiguration section */

/* Begin XCConfigurationList section */
		AA7B49F920EAAD540060C0AF /* Build configuration list for PBXProject "ColorScrollView" */ = {
			isa = XCConfigurationList;
			buildConfigurations = (
				AA7B4A1220EAAD560060C0AF /* Debug */,
				AA7B4A1320EAAD560060C0AF /* Release */,
			);
			defaultConfigurationIsVisible = 0;
			defaultConfigurationName = Release;
		};
		AA7B4A1420EAAD560060C0AF /* Build configuration list for PBXNativeTarget "ColorScrollView" */ = {
			isa = XCConfigurationList;
			buildConfigurations = (
				AA7B4A1520EAAD560060C0AF /* Debug */,
				AA7B4A1620EAAD560060C0AF /* Release */,
			);
			defaultConfigurationIsVisible = 0;
			defaultConfigurationName = Release;
		};
/* End XCConfigurationList section */
	};
	rootObject = AA7B49F620EAAD540060C0AF /* Project object */;
}
